// !$*UTF8*$!
{
	archiveVersion = 1;
	classes = {
	};
	objectVersion = 50;
	objects = {

/* Begin PBXBuildFile section */
		5748C4E626FA326F00E38F32 /* AppDelegate.swift in Sources */ = {isa = PBXBuildFile; fileRef = 5748C4E526FA326F00E38F32 /* AppDelegate.swift */; };
		5748C4E826FA326F00E38F32 /* SceneDelegate.swift in Sources */ = {isa = PBXBuildFile; fileRef = 5748C4E726FA326F00E38F32 /* SceneDelegate.swift */; };
		5748C4EA26FA326F00E38F32 /* AddMealViewController.swift in Sources */ = {isa = PBXBuildFile; fileRef = 5748C4E926FA326F00E38F32 /* AddMealViewController.swift */; };
		5748C4ED26FA326F00E38F32 /* Main.storyboard in Resources */ = {isa = PBXBuildFile; fileRef = 5748C4EB26FA326F00E38F32 /* Main.storyboard */; };
		5748C4EF26FA327100E38F32 /* Assets.xcassets in Resources */ = {isa = PBXBuildFile; fileRef = 5748C4EE26FA327100E38F32 /* Assets.xcassets */; };
		5748C4F226FA327100E38F32 /* LaunchScreen.storyboard in Resources */ = {isa = PBXBuildFile; fileRef = 5748C4F026FA327100E38F32 /* LaunchScreen.storyboard */; };
		57690F2D26FB57FA006B8689 /* MealTableViewController.swift in Sources */ = {isa = PBXBuildFile; fileRef = 57690F2C26FB57FA006B8689 /* MealTableViewController.swift */; };
		57690F2F26FB83F8006B8689 /* ItemListDataSource.swift in Sources */ = {isa = PBXBuildFile; fileRef = 57690F2E26FB83F8006B8689 /* ItemListDataSource.swift */; };
		5787C19E26FCA3BD001C1F0A /* ItemListViewController.swift in Sources */ = {isa = PBXBuildFile; fileRef = 5787C19D26FCA3BD001C1F0A /* ItemListViewController.swift */; };
		5787C1A426FD0441001C1F0A /* Alert.swift in Sources */ = {isa = PBXBuildFile; fileRef = 5787C1A326FD0441001C1F0A /* Alert.swift */; };
		579C32C726FA67EC00D05E88 /* Meal.swift in Sources */ = {isa = PBXBuildFile; fileRef = 579C32C626FA67EC00D05E88 /* Meal.swift */; };
		579C32C926FA696F00D05E88 /* Item.swift in Sources */ = {isa = PBXBuildFile; fileRef = 579C32C826FA696F00D05E88 /* Item.swift */; };
/* End PBXBuildFile section */

/* Begin PBXFileReference section */
		5748C4E226FA326F00E38F32 /* Brownie.app */ = {isa = PBXFileReference; explicitFileType = wrapper.application; includeInIndex = 0; path = Brownie.app; sourceTree = BUILT_PRODUCTS_DIR; };
		5748C4E526FA326F00E38F32 /* AppDelegate.swift */ = {isa = PBXFileReference; lastKnownFileType = sourcecode.swift; path = AppDelegate.swift; sourceTree = "<group>"; };
		5748C4E726FA326F00E38F32 /* SceneDelegate.swift */ = {isa = PBXFileReference; lastKnownFileType = sourcecode.swift; path = SceneDelegate.swift; sourceTree = "<group>"; };
		5748C4E926FA326F00E38F32 /* AddMealViewController.swift */ = {isa = PBXFileReference; lastKnownFileType = sourcecode.swift; path = AddMealViewController.swift; sourceTree = "<group>"; };
		5748C4EC26FA326F00E38F32 /* Base */ = {isa = PBXFileReference; lastKnownFileType = file.storyboard; name = Base; path = Base.lproj/Main.storyboard; sourceTree = "<group>"; };
		5748C4EE26FA327100E38F32 /* Assets.xcassets */ = {isa = PBXFileReference; lastKnownFileType = folder.assetcatalog; path = Assets.xcassets; sourceTree = "<group>"; };
		5748C4F126FA327100E38F32 /* Base */ = {isa = PBXFileReference; lastKnownFileType = file.storyboard; name = Base; path = Base.lproj/LaunchScreen.storyboard; sourceTree = "<group>"; };
		5748C4F326FA327100E38F32 /* Info.plist */ = {isa = PBXFileReference; lastKnownFileType = text.plist.xml; path = Info.plist; sourceTree = "<group>"; };
		5748C4FC26FA55E400E38F32 /* MyPlayground.playground */ = {isa = PBXFileReference; lastKnownFileType = file.playground; path = MyPlayground.playground; sourceTree = "<group>"; xcLanguageSpecificationIdentifier = xcode.lang.swift; };
		57690F2C26FB57FA006B8689 /* MealTableViewController.swift */ = {isa = PBXFileReference; lastKnownFileType = sourcecode.swift; path = MealTableViewController.swift; sourceTree = "<group>"; };
		57690F2E26FB83F8006B8689 /* ItemListDataSource.swift */ = {isa = PBXFileReference; lastKnownFileType = sourcecode.swift; path = ItemListDataSource.swift; sourceTree = "<group>"; };
		5787C19D26FCA3BD001C1F0A /* ItemListViewController.swift */ = {isa = PBXFileReference; lastKnownFileType = sourcecode.swift; path = ItemListViewController.swift; sourceTree = "<group>"; };
		5787C1A326FD0441001C1F0A /* Alert.swift */ = {isa = PBXFileReference; lastKnownFileType = sourcecode.swift; path = Alert.swift; sourceTree = "<group>"; };
		579C32C626FA67EC00D05E88 /* Meal.swift */ = {isa = PBXFileReference; lastKnownFileType = sourcecode.swift; path = Meal.swift; sourceTree = "<group>"; };
		579C32C826FA696F00D05E88 /* Item.swift */ = {isa = PBXFileReference; lastKnownFileType = sourcecode.swift; path = Item.swift; sourceTree = "<group>"; };
/* End PBXFileReference section */

/* Begin PBXFrameworksBuildPhase section */
		5748C4DF26FA326F00E38F32 /* Frameworks */ = {
			isa = PBXFrameworksBuildPhase;
			buildActionMask = 2147483647;
			files = (
			);
			runOnlyForDeploymentPostprocessing = 0;
		};
/* End PBXFrameworksBuildPhase section */

/* Begin PBXGroup section */
		5748C4D926FA326F00E38F32 = {
			isa = PBXGroup;
			children = (
				5748C4E426FA326F00E38F32 /* Brownie */,
				5748C4E326FA326F00E38F32 /* Products */,
			);
			sourceTree = "<group>";
		};
		5748C4E326FA326F00E38F32 /* Products */ = {
			isa = PBXGroup;
			children = (
				5748C4E226FA326F00E38F32 /* Brownie.app */,
			);
			name = Products;
			sourceTree = "<group>";
		};
		5748C4E426FA326F00E38F32 /* Brownie */ = {
			isa = PBXGroup;
			children = (
				579C32CA26FA6A4900D05E88 /* Model */,
				579C32CC26FA6A7E00D05E88 /* View */,
				579C32CB26FA6A6400D05E88 /* Controller */,
				579C32CD26FA6AB400D05E88 /* Others */,
				5748C4EE26FA327100E38F32 /* Assets.xcassets */,
				5748C4F026FA327100E38F32 /* LaunchScreen.storyboard */,
				5748C4F326FA327100E38F32 /* Info.plist */,
				5748C4FC26FA55E400E38F32 /* MyPlayground.playground */,
			);
			path = Brownie;
			sourceTree = "<group>";
		};
		579C32CA26FA6A4900D05E88 /* Model */ = {
			isa = PBXGroup;
			children = (
				579C32C626FA67EC00D05E88 /* Meal.swift */,
				579C32C826FA696F00D05E88 /* Item.swift */,
				5787C1A326FD0441001C1F0A /* Alert.swift */,
			);
			path = Model;
			sourceTree = "<group>";
		};
		579C32CB26FA6A6400D05E88 /* Controller */ = {
			isa = PBXGroup;
			children = (
				57690F2E26FB83F8006B8689 /* ItemListDataSource.swift */,
			);
			path = Controller;
			sourceTree = "<group>";
		};
		579C32CC26FA6A7E00D05E88 /* View */ = {
			isa = PBXGroup;
			children = (
				5748C4EB26FA326F00E38F32 /* Main.storyboard */,
				57690F2C26FB57FA006B8689 /* MealTableViewController.swift */,
				5748C4E926FA326F00E38F32 /* AddMealViewController.swift */,
				5787C19D26FCA3BD001C1F0A /* ItemListViewController.swift */,
			);
			path = View;
			sourceTree = "<group>";
		};
		579C32CD26FA6AB400D05E88 /* Others */ = {
			isa = PBXGroup;
			children = (
				5748C4E526FA326F00E38F32 /* AppDelegate.swift */,
				5748C4E726FA326F00E38F32 /* SceneDelegate.swift */,
			);
			path = Others;
			sourceTree = "<group>";
		};
/* End PBXGroup section */

/* Begin PBXNativeTarget section */
		5748C4E126FA326F00E38F32 /* Brownie */ = {
			isa = PBXNativeTarget;
			buildConfigurationList = 5748C4F626FA327100E38F32 /* Build configuration list for PBXNativeTarget "Brownie" */;
			buildPhases = (
				5748C4DE26FA326F00E38F32 /* Sources */,
				5748C4DF26FA326F00E38F32 /* Frameworks */,
				5748C4E026FA326F00E38F32 /* Resources */,
			);
			buildRules = (
			);
			dependencies = (
			);
			name = Brownie;
			productName = Brownie;
			productReference = 5748C4E226FA326F00E38F32 /* Brownie.app */;
			productType = "com.apple.product-type.application";
		};
/* End PBXNativeTarget section */

/* Begin PBXProject section */
		5748C4DA26FA326F00E38F32 /* Project object */ = {
			isa = PBXProject;
			attributes = {
				LastSwiftUpdateCheck = 1250;
				LastUpgradeCheck = 1250;
				TargetAttributes = {
					5748C4E126FA326F00E38F32 = {
						CreatedOnToolsVersion = 12.5.1;
					};
				};
			};
			buildConfigurationList = 5748C4DD26FA326F00E38F32 /* Build configuration list for PBXProject "Brownie" */;
			compatibilityVersion = "Xcode 9.3";
			developmentRegion = en;
			hasScannedForEncodings = 0;
			knownRegions = (
				en,
				Base,
			);
			mainGroup = 5748C4D926FA326F00E38F32;
			productRefGroup = 5748C4E326FA326F00E38F32 /* Products */;
			projectDirPath = "";
			projectRoot = "";
			targets = (
				5748C4E126FA326F00E38F32 /* Brownie */,
			);
		};
/* End PBXProject section */

/* Begin PBXResourcesBuildPhase section */
		5748C4E026FA326F00E38F32 /* Resources */ = {
			isa = PBXResourcesBuildPhase;
			buildActionMask = 2147483647;
			files = (
				5748C4F226FA327100E38F32 /* LaunchScreen.storyboard in Resources */,
				5748C4EF26FA327100E38F32 /* Assets.xcassets in Resources */,
				5748C4ED26FA326F00E38F32 /* Main.storyboard in Resources */,
			);
			runOnlyForDeploymentPostprocessing = 0;
		};
/* End PBXResourcesBuildPhase section */

/* Begin PBXSourcesBuildPhase section */
		5748C4DE26FA326F00E38F32 /* Sources */ = {
			isa = PBXSourcesBuildPhase;
			buildActionMask = 2147483647;
			files = (
				5787C1A426FD0441001C1F0A /* Alert.swift in Sources */,
				579C32C926FA696F00D05E88 /* Item.swift in Sources */,
				579C32C726FA67EC00D05E88 /* Meal.swift in Sources */,
				5748C4EA26FA326F00E38F32 /* AddMealViewController.swift in Sources */,
				57690F2F26FB83F8006B8689 /* ItemListDataSource.swift in Sources */,
				5748C4E626FA326F00E38F32 /* AppDelegate.swift in Sources */,
				57690F2D26FB57FA006B8689 /* MealTableViewController.swift in Sources */,
				5787C19E26FCA3BD001C1F0A /* ItemListViewController.swift in Sources */,
				5748C4E826FA326F00E38F32 /* SceneDelegate.swift in Sources */,
			);
			runOnlyForDeploymentPostprocessing = 0;
		};
/* End PBXSourcesBuildPhase section */

/* Begin PBXVariantGroup section */
		5748C4EB26FA326F00E38F32 /* Main.storyboard */ = {
			isa = PBXVariantGroup;
			children = (
				5748C4EC26FA326F00E38F32 /* Base */,
			);
			name = Main.storyboard;
			sourceTree = "<group>";
		};
		5748C4F026FA327100E38F32 /* LaunchScreen.storyboard */ = {
			isa = PBXVariantGroup;
			children = (
				5748C4F126FA327100E38F32 /* Base */,
			);
			name = LaunchScreen.storyboard;
			sourceTree = "<group>";
		};
/* End PBXVariantGroup section */

/* Begin XCBuildConfiguration section */
		5748C4F426FA327100E38F32 /* Debug */ = {
			isa = XCBuildConfiguration;
			buildSettings = {
				ALWAYS_SEARCH_USER_PATHS = NO;
				CLANG_ANALYZER_NONNULL = YES;
				CLANG_ANALYZER_NUMBER_OBJECT_CONVERSION = YES_AGGRESSIVE;
				CLANG_CXX_LANGUAGE_STANDARD = "gnu++14";
				CLANG_CXX_LIBRARY = "libc++";
				CLANG_ENABLE_MODULES = YES;
				CLANG_ENABLE_OBJC_ARC = YES;
				CLANG_ENABLE_OBJC_WEAK = YES;
				CLANG_WARN_BLOCK_CAPTURE_AUTORELEASING = YES;
				CLANG_WARN_BOOL_CONVERSION = YES;
				CLANG_WARN_COMMA = YES;
				CLANG_WARN_CONSTANT_CONVERSION = YES;
				CLANG_WARN_DEPRECATED_OBJC_IMPLEMENTATIONS = YES;
				CLANG_WARN_DIRECT_OBJC_ISA_USAGE = YES_ERROR;
				CLANG_WARN_DOCUMENTATION_COMMENTS = YES;
				CLANG_WARN_EMPTY_BODY = YES;
				CLANG_WARN_ENUM_CONVERSION = YES;
				CLANG_WARN_INFINITE_RECURSION = YES;
				CLANG_WARN_INT_CONVERSION = YES;
				CLANG_WARN_NON_LITERAL_NULL_CONVERSION = YES;
				CLANG_WARN_OBJC_IMPLICIT_RETAIN_SELF = YES;
				CLANG_WARN_OBJC_LITERAL_CONVERSION = YES;
				CLANG_WARN_OBJC_ROOT_CLASS = YES_ERROR;
				CLANG_WARN_QUOTED_INCLUDE_IN_FRAMEWORK_HEADER = YES;
				CLANG_WARN_RANGE_LOOP_ANALYSIS = YES;
				CLANG_WARN_STRICT_PROTOTYPES = YES;
				CLANG_WARN_SUSPICIOUS_MOVE = YES;
				CLANG_WARN_UNGUARDED_AVAILABILITY = YES_AGGRESSIVE;
				CLANG_WARN_UNREACHABLE_CODE = YES;
				CLANG_WARN__DUPLICATE_METHOD_MATCH = YES;
				COPY_PHASE_STRIP = NO;
				DEBUG_INFORMATION_FORMAT = dwarf;
				ENABLE_STRICT_OBJC_MSGSEND = YES;
				ENABLE_TESTABILITY = YES;
				GCC_C_LANGUAGE_STANDARD = gnu11;
				GCC_DYNAMIC_NO_PIC = NO;
				GCC_NO_COMMON_BLOCKS = YES;
				GCC_OPTIMIZATION_LEVEL = 0;
				GCC_PREPROCESSOR_DEFINITIONS = (
					"DEBUG=1",
					"$(inherited)",
				);
				GCC_WARN_64_TO_32_BIT_CONVERSION = YES;
				GCC_WARN_ABOUT_RETURN_TYPE = YES_ERROR;
				GCC_WARN_UNDECLARED_SELECTOR = YES;
				GCC_WARN_UNINITIALIZED_AUTOS = YES_AGGRESSIVE;
				GCC_WARN_UNUSED_FUNCTION = YES;
				GCC_WARN_UNUSED_VARIABLE = YES;
				IPHONEOS_DEPLOYMENT_TARGET = 14.5;
				MTL_ENABLE_DEBUG_INFO = INCLUDE_SOURCE;
				MTL_FAST_MATH = YES;
				ONLY_ACTIVE_ARCH = YES;
				SDKROOT = iphoneos;
				SWIFT_ACTIVE_COMPILATION_CONDITIONS = DEBUG;
				SWIFT_OPTIMIZATION_LEVEL = "-Onone";
			};
			name = Debug;
		};
		5748C4F526FA327100E38F32 /* Release */ = {
			isa = XCBuildConfiguration;
			buildSettings = {
				ALWAYS_SEARCH_USER_PATHS = NO;
				CLANG_ANALYZER_NONNULL = YES;
				CLANG_ANALYZER_NUMBER_OBJECT_CONVERSION = YES_AGGRESSIVE;
				CLANG_CXX_LANGUAGE_STANDARD = "gnu++14";
				CLANG_CXX_LIBRARY = "libc++";
				CLANG_ENABLE_MODULES = YES;
				CLANG_ENABLE_OBJC_ARC = YES;
				CLANG_ENABLE_OBJC_WEAK = YES;
				CLANG_WARN_BLOCK_CAPTURE_AUTORELEASING = YES;
				CLANG_WARN_BOOL_CONVERSION = YES;
				CLANG_WARN_COMMA = YES;
				CLANG_WARN_CONSTANT_CONVERSION = YES;
				CLANG_WARN_DEPRECATED_OBJC_IMPLEMENTATIONS = YES;
				CLANG_WARN_DIRECT_OBJC_ISA_USAGE = YES_ERROR;
				CLANG_WARN_DOCUMENTATION_COMMENTS = YES;
				CLANG_WARN_EMPTY_BODY = YES;
				CLANG_WARN_ENUM_CONVERSION = YES;
				CLANG_WARN_INFINITE_RECURSION = YES;
				CLANG_WARN_INT_CONVERSION = YES;
				CLANG_WARN_NON_LITERAL_NULL_CONVERSION = YES;
				CLANG_WARN_OBJC_IMPLICIT_RETAIN_SELF = YES;
				CLANG_WARN_OBJC_LITERAL_CONVERSION = YES;
				CLANG_WARN_OBJC_ROOT_CLASS = YES_ERROR;
				CLANG_WARN_QUOTED_INCLUDE_IN_FRAMEWORK_HEADER = YES;
				CLANG_WARN_RANGE_LOOP_ANALYSIS = YES;
				CLANG_WARN_STRICT_PROTOTYPES = YES;
				CLANG_WARN_SUSPICIOUS_MOVE = YES;
				CLANG_WARN_UNGUARDED_AVAILABILITY = YES_AGGRESSIVE;
				CLANG_WARN_UNREACHABLE_CODE = YES;
				CLANG_WARN__DUPLICATE_METHOD_MATCH = YES;
				COPY_PHASE_STRIP = NO;
				DEBUG_INFORMATION_FORMAT = "dwarf-with-dsym";
				ENABLE_NS_ASSERTIONS = NO;
				ENABLE_STRICT_OBJC_MSGSEND = YES;
				GCC_C_LANGUAGE_STANDARD = gnu11;
				GCC_NO_COMMON_BLOCKS = YES;
				GCC_WARN_64_TO_32_BIT_CONVERSION = YES;
				GCC_WARN_ABOUT_RETURN_TYPE = YES_ERROR;
				GCC_WARN_UNDECLARED_SELECTOR = YES;
				GCC_WARN_UNINITIALIZED_AUTOS = YES_AGGRESSIVE;
				GCC_WARN_UNUSED_FUNCTION = YES;
				GCC_WARN_UNUSED_VARIABLE = YES;
				IPHONEOS_DEPLOYMENT_TARGET = 14.5;
				MTL_ENABLE_DEBUG_INFO = NO;
				MTL_FAST_MATH = YES;
				SDKROOT = iphoneos;
				SWIFT_COMPILATION_MODE = wholemodule;
				SWIFT_OPTIMIZATION_LEVEL = "-O";
				VALIDATE_PRODUCT = YES;
			};
			name = Release;
		};
		5748C4F726FA327100E38F32 /* Debug */ = {
			isa = XCBuildConfiguration;
			buildSettings = {
				ASSETCATALOG_COMPILER_APPICON_NAME = AppIcon;
				ASSETCATALOG_COMPILER_GLOBAL_ACCENT_COLOR_NAME = AccentColor;
				CODE_SIGN_STYLE = Automatic;
				DEVELOPMENT_TEAM = 69RAP3CCFB;
				INFOPLIST_FILE = Brownie/Info.plist;
				LD_RUNPATH_SEARCH_PATHS = (
					"$(inherited)",
					"@executable_path/Frameworks",
				);
				PRODUCT_BUNDLE_IDENTIFIER = XDS.Brownie;
				PRODUCT_NAME = "$(TARGET_NAME)";
				SWIFT_VERSION = 5.0;
				TARGETED_DEVICE_FAMILY = "1,2";
			};
			name = Debug;
		};
		5748C4F826FA327100E38F32 /* Release */ = {
			isa = XCBuildConfiguration;
			buildSettings = {
				ASSETCATALOG_COMPILER_APPICON_NAME = AppIcon;
				ASSETCATALOG_COMPILER_GLOBAL_ACCENT_COLOR_NAME = AccentColor;
				CODE_SIGN_STYLE = Automatic;
				DEVELOPMENT_TEAM = 69RAP3CCFB;
				INFOPLIST_FILE = Brownie/Info.plist;
				LD_RUNPATH_SEARCH_PATHS = (
					"$(inherited)",
					"@executable_path/Frameworks",
				);
				PRODUCT_BUNDLE_IDENTIFIER = XDS.Brownie;
				PRODUCT_NAME = "$(TARGET_NAME)";
				SWIFT_VERSION = 5.0;
				TARGETED_DEVICE_FAMILY = "1,2";
			};
			name = Release;
		};
/* End XCBuildConfiguration section */

/* Begin XCConfigurationList section */
		5748C4DD26FA326F00E38F32 /* Build configuration list for PBXProject "Brownie" */ = {
			isa = XCConfigurationList;
			buildConfigurations = (
				5748C4F426FA327100E38F32 /* Debug */,
				5748C4F526FA327100E38F32 /* Release */,
			);
			defaultConfigurationIsVisible = 0;
			defaultConfigurationName = Release;
		};
		5748C4F626FA327100E38F32 /* Build configuration list for PBXNativeTarget "Brownie" */ = {
			isa = XCConfigurationList;
			buildConfigurations = (
				5748C4F726FA327100E38F32 /* Debug */,
				5748C4F826FA327100E38F32 /* Release */,
			);
			defaultConfigurationIsVisible = 0;
			defaultConfigurationName = Release;
		};
/* End XCConfigurationList section */
	};
	rootObject = 5748C4DA26FA326F00E38F32 /* Project object */;
}
